// !$*UTF8*$!
{
	archiveVersion = 1;
	classes = {
	};
	objectVersion = 56;
	objects = {

/* Begin PBXBuildFile section */
		9C4769082B0A490E0093A03F /* KurbisApp.swift in Sources */ = {isa = PBXBuildFile; fileRef = 9C4769072B0A490E0093A03F /* KurbisApp.swift */; };
		9C47690A2B0A490E0093A03F /* ContentView.swift in Sources */ = {isa = PBXBuildFile; fileRef = 9C4769092B0A490E0093A03F /* ContentView.swift */; };
		9C47690C2B0A49100093A03F /* Assets.xcassets in Resources */ = {isa = PBXBuildFile; fileRef = 9C47690B2B0A49100093A03F /* Assets.xcassets */; };
		9C4769102B0A49100093A03F /* Preview Assets.xcassets in Resources */ = {isa = PBXBuildFile; fileRef = 9C47690F2B0A49100093A03F /* Preview Assets.xcassets */; };
		9C47691A2B0A49100093A03F /* KurbisTests.swift in Sources */ = {isa = PBXBuildFile; fileRef = 9C4769192B0A49100093A03F /* KurbisTests.swift */; };
		9C4769242B0A49100093A03F /* KurbisUITests.swift in Sources */ = {isa = PBXBuildFile; fileRef = 9C4769232B0A49100093A03F /* KurbisUITests.swift */; };
		9C4769262B0A49100093A03F /* KurbisUITestsLaunchTests.swift in Sources */ = {isa = PBXBuildFile; fileRef = 9C4769252B0A49100093A03F /* KurbisUITestsLaunchTests.swift */; };
		9C4769372B0A55270093A03F /* simpleble in Resources */ = {isa = PBXBuildFile; fileRef = 9C4769362B0A55270093A03F /* simpleble */; };
		9C4769392B0A59240093A03F /* BluetoothConnector.swift in Sources */ = {isa = PBXBuildFile; fileRef = 9C4769382B0A59240093A03F /* BluetoothConnector.swift */; };
		9C47693D2B0A5B1A0093A03F /* SimplebleWrapper.mm in Sources */ = {isa = PBXBuildFile; fileRef = 9C47693B2B0A5B1A0093A03F /* SimplebleWrapper.mm */; };
		9C47693F2B0A61EA0093A03F /* libsimpleble.a in Frameworks */ = {isa = PBXBuildFile; fileRef = 9C47693E2B0A61EA0093A03F /* libsimpleble.a */; };
		9C4769442B0A66540093A03F /* utils.mm in Sources */ = {isa = PBXBuildFile; fileRef = 9C4769432B0A66540093A03F /* utils.mm */; };
		9C4769472B0A676D0093A03F /* CoreBluetooth.framework in Frameworks */ = {isa = PBXBuildFile; fileRef = 9C4769462B0A676D0093A03F /* CoreBluetooth.framework */; };
/* End PBXBuildFile section */

/* Begin PBXContainerItemProxy section */
		9C4769162B0A49100093A03F /* PBXContainerItemProxy */ = {
			isa = PBXContainerItemProxy;
			containerPortal = 9C4768FC2B0A490E0093A03F /* Project object */;
			proxyType = 1;
			remoteGlobalIDString = 9C4769032B0A490E0093A03F;
			remoteInfo = Kurbis;
		};
		9C4769202B0A49100093A03F /* PBXContainerItemProxy */ = {
			isa = PBXContainerItemProxy;
			containerPortal = 9C4768FC2B0A490E0093A03F /* Project object */;
			proxyType = 1;
			remoteGlobalIDString = 9C4769032B0A490E0093A03F;
			remoteInfo = Kurbis;
		};
/* End PBXContainerItemProxy section */

/* Begin PBXFileReference section */
		9C4769042B0A490E0093A03F /* Kurbis.app */ = {isa = PBXFileReference; explicitFileType = wrapper.application; includeInIndex = 0; path = Kurbis.app; sourceTree = BUILT_PRODUCTS_DIR; };
		9C4769072B0A490E0093A03F /* KurbisApp.swift */ = {isa = PBXFileReference; lastKnownFileType = sourcecode.swift; path = KurbisApp.swift; sourceTree = "<group>"; };
		9C4769092B0A490E0093A03F /* ContentView.swift */ = {isa = PBXFileReference; lastKnownFileType = sourcecode.swift; path = ContentView.swift; sourceTree = "<group>"; };
		9C47690B2B0A49100093A03F /* Assets.xcassets */ = {isa = PBXFileReference; lastKnownFileType = folder.assetcatalog; path = Assets.xcassets; sourceTree = "<group>"; };
		9C47690D2B0A49100093A03F /* Kurbis.entitlements */ = {isa = PBXFileReference; lastKnownFileType = text.plist.entitlements; path = Kurbis.entitlements; sourceTree = "<group>"; };
		9C47690F2B0A49100093A03F /* Preview Assets.xcassets */ = {isa = PBXFileReference; lastKnownFileType = folder.assetcatalog; path = "Preview Assets.xcassets"; sourceTree = "<group>"; };
		9C4769152B0A49100093A03F /* KurbisTests.xctest */ = {isa = PBXFileReference; explicitFileType = wrapper.cfbundle; includeInIndex = 0; path = KurbisTests.xctest; sourceTree = BUILT_PRODUCTS_DIR; };
		9C4769192B0A49100093A03F /* KurbisTests.swift */ = {isa = PBXFileReference; lastKnownFileType = sourcecode.swift; path = KurbisTests.swift; sourceTree = "<group>"; };
		9C47691F2B0A49100093A03F /* KurbisUITests.xctest */ = {isa = PBXFileReference; explicitFileType = wrapper.cfbundle; includeInIndex = 0; path = KurbisUITests.xctest; sourceTree = BUILT_PRODUCTS_DIR; };
		9C4769232B0A49100093A03F /* KurbisUITests.swift */ = {isa = PBXFileReference; lastKnownFileType = sourcecode.swift; path = KurbisUITests.swift; sourceTree = "<group>"; };
		9C4769252B0A49100093A03F /* KurbisUITestsLaunchTests.swift */ = {isa = PBXFileReference; lastKnownFileType = sourcecode.swift; path = KurbisUITestsLaunchTests.swift; sourceTree = "<group>"; };
		9C4769362B0A55270093A03F /* simpleble */ = {isa = PBXFileReference; lastKnownFileType = folder; name = simpleble; path = libs_compiled/simpleble; sourceTree = "<group>"; };
		9C4769382B0A59240093A03F /* BluetoothConnector.swift */ = {isa = PBXFileReference; lastKnownFileType = sourcecode.swift; path = BluetoothConnector.swift; sourceTree = "<group>"; };
		9C47693A2B0A5B1A0093A03F /* Kurbis-Bridging-Header.h */ = {isa = PBXFileReference; lastKnownFileType = sourcecode.c.h; path = "Kurbis-Bridging-Header.h"; sourceTree = "<group>"; };
		9C47693B2B0A5B1A0093A03F /* SimplebleWrapper.mm */ = {isa = PBXFileReference; lastKnownFileType = sourcecode.cpp.objcpp; path = SimplebleWrapper.mm; sourceTree = "<group>"; };
		9C47693C2B0A5B1A0093A03F /* SimplebleWrapper.h */ = {isa = PBXFileReference; lastKnownFileType = sourcecode.c.h; path = SimplebleWrapper.h; sourceTree = "<group>"; };
		9C47693E2B0A61EA0093A03F /* libsimpleble.a */ = {isa = PBXFileReference; lastKnownFileType = archive.ar; name = libsimpleble.a; path = libs_compiled/libsimpleble.a; sourceTree = "<group>"; };
		9C4769422B0A66540093A03F /* utils.h */ = {isa = PBXFileReference; fileEncoding = 4; lastKnownFileType = sourcecode.c.h; name = utils.h; path = common/utils.h; sourceTree = "<group>"; };
		9C4769432B0A66540093A03F /* utils.mm */ = {isa = PBXFileReference; fileEncoding = 4; lastKnownFileType = sourcecode.cpp.objcpp; name = utils.mm; path = common/utils.mm; sourceTree = "<group>"; };
		9C4769462B0A676D0093A03F /* CoreBluetooth.framework */ = {isa = PBXFileReference; lastKnownFileType = wrapper.framework; name = CoreBluetooth.framework; path = Platforms/iPhoneOS.platform/Developer/SDKs/iPhoneOS16.4.sdk/System/Library/Frameworks/CoreBluetooth.framework; sourceTree = DEVELOPER_DIR; };
/* End PBXFileReference section */

/* Begin PBXFrameworksBuildPhase section */
		9C4769012B0A490E0093A03F /* Frameworks */ = {
			isa = PBXFrameworksBuildPhase;
			buildActionMask = 2147483647;
			files = (
				9C4769472B0A676D0093A03F /* CoreBluetooth.framework in Frameworks */,
				9C47693F2B0A61EA0093A03F /* libsimpleble.a in Frameworks */,
			);
			runOnlyForDeploymentPostprocessing = 0;
		};
		9C4769122B0A49100093A03F /* Frameworks */ = {
			isa = PBXFrameworksBuildPhase;
			buildActionMask = 2147483647;
			files = (
			);
			runOnlyForDeploymentPostprocessing = 0;
		};
		9C47691C2B0A49100093A03F /* Frameworks */ = {
			isa = PBXFrameworksBuildPhase;
			buildActionMask = 2147483647;
			files = (
			);
			runOnlyForDeploymentPostprocessing = 0;
		};
/* End PBXFrameworksBuildPhase section */

/* Begin PBXGroup section */
		9C4768FB2B0A490E0093A03F = {
			isa = PBXGroup;
			children = (
				9C47693E2B0A61EA0093A03F /* libsimpleble.a */,
				9C4769362B0A55270093A03F /* simpleble */,
				9C4769062B0A490E0093A03F /* Kurbis */,
				9C4769182B0A49100093A03F /* KurbisTests */,
				9C4769222B0A49100093A03F /* KurbisUITests */,
				9C4769052B0A490E0093A03F /* Products */,
				9C4769452B0A676C0093A03F /* Frameworks */,
			);
			sourceTree = "<group>";
		};
		9C4769052B0A490E0093A03F /* Products */ = {
			isa = PBXGroup;
			children = (
				9C4769042B0A490E0093A03F /* Kurbis.app */,
				9C4769152B0A49100093A03F /* KurbisTests.xctest */,
				9C47691F2B0A49100093A03F /* KurbisUITests.xctest */,
			);
			name = Products;
			sourceTree = "<group>";
		};
		9C4769062B0A490E0093A03F /* Kurbis */ = {
			isa = PBXGroup;
			children = (
				9C4769422B0A66540093A03F /* utils.h */,
				9C4769432B0A66540093A03F /* utils.mm */,
				9C4769072B0A490E0093A03F /* KurbisApp.swift */,
				9C4769092B0A490E0093A03F /* ContentView.swift */,
				9C47690B2B0A49100093A03F /* Assets.xcassets */,
				9C47690D2B0A49100093A03F /* Kurbis.entitlements */,
				9C47690E2B0A49100093A03F /* Preview Content */,
				9C4769382B0A59240093A03F /* BluetoothConnector.swift */,
				9C47693B2B0A5B1A0093A03F /* SimplebleWrapper.mm */,
				9C47693C2B0A5B1A0093A03F /* SimplebleWrapper.h */,
				9C47693A2B0A5B1A0093A03F /* Kurbis-Bridging-Header.h */,
			);
			path = Kurbis;
			sourceTree = "<group>";
		};
		9C47690E2B0A49100093A03F /* Preview Content */ = {
			isa = PBXGroup;
			children = (
				9C47690F2B0A49100093A03F /* Preview Assets.xcassets */,
			);
			path = "Preview Content";
			sourceTree = "<group>";
		};
		9C4769182B0A49100093A03F /* KurbisTests */ = {
			isa = PBXGroup;
			children = (
				9C4769192B0A49100093A03F /* KurbisTests.swift */,
			);
			path = KurbisTests;
			sourceTree = "<group>";
		};
		9C4769222B0A49100093A03F /* KurbisUITests */ = {
			isa = PBXGroup;
			children = (
				9C4769232B0A49100093A03F /* KurbisUITests.swift */,
				9C4769252B0A49100093A03F /* KurbisUITestsLaunchTests.swift */,
			);
			path = KurbisUITests;
			sourceTree = "<group>";
		};
		9C4769452B0A676C0093A03F /* Frameworks */ = {
			isa = PBXGroup;
			children = (
				9C4769462B0A676D0093A03F /* CoreBluetooth.framework */,
			);
			name = Frameworks;
			sourceTree = "<group>";
		};
/* End PBXGroup section */

/* Begin PBXNativeTarget section */
		9C4769032B0A490E0093A03F /* Kurbis */ = {
			isa = PBXNativeTarget;
			buildConfigurationList = 9C4769292B0A49100093A03F /* Build configuration list for PBXNativeTarget "Kurbis" */;
			buildPhases = (
				9C4769002B0A490E0093A03F /* Sources */,
				9C4769012B0A490E0093A03F /* Frameworks */,
				9C4769022B0A490E0093A03F /* Resources */,
			);
			buildRules = (
			);
			dependencies = (
			);
			name = Kurbis;
			productName = Kurbis;
			productReference = 9C4769042B0A490E0093A03F /* Kurbis.app */;
			productType = "com.apple.product-type.application";
		};
		9C4769142B0A49100093A03F /* KurbisTests */ = {
			isa = PBXNativeTarget;
			buildConfigurationList = 9C47692C2B0A49100093A03F /* Build configuration list for PBXNativeTarget "KurbisTests" */;
			buildPhases = (
				9C4769112B0A49100093A03F /* Sources */,
				9C4769122B0A49100093A03F /* Frameworks */,
				9C4769132B0A49100093A03F /* Resources */,
			);
			buildRules = (
			);
			dependencies = (
				9C4769172B0A49100093A03F /* PBXTargetDependency */,
			);
			name = KurbisTests;
			productName = KurbisTests;
			productReference = 9C4769152B0A49100093A03F /* KurbisTests.xctest */;
			productType = "com.apple.product-type.bundle.unit-test";
		};
		9C47691E2B0A49100093A03F /* KurbisUITests */ = {
			isa = PBXNativeTarget;
			buildConfigurationList = 9C47692F2B0A49100093A03F /* Build configuration list for PBXNativeTarget "KurbisUITests" */;
			buildPhases = (
				9C47691B2B0A49100093A03F /* Sources */,
				9C47691C2B0A49100093A03F /* Frameworks */,
				9C47691D2B0A49100093A03F /* Resources */,
			);
			buildRules = (
			);
			dependencies = (
				9C4769212B0A49100093A03F /* PBXTargetDependency */,
			);
			name = KurbisUITests;
			productName = KurbisUITests;
			productReference = 9C47691F2B0A49100093A03F /* KurbisUITests.xctest */;
			productType = "com.apple.product-type.bundle.ui-testing";
		};
/* End PBXNativeTarget section */

/* Begin PBXProject section */
		9C4768FC2B0A490E0093A03F /* Project object */ = {
			isa = PBXProject;
			attributes = {
				BuildIndependentTargetsInParallel = 1;
				LastSwiftUpdateCheck = 1430;
				LastUpgradeCheck = 1430;
				TargetAttributes = {
					9C4769032B0A490E0093A03F = {
						CreatedOnToolsVersion = 14.3.1;
						LastSwiftMigration = 1430;
					};
					9C4769142B0A49100093A03F = {
						CreatedOnToolsVersion = 14.3.1;
						TestTargetID = 9C4769032B0A490E0093A03F;
					};
					9C47691E2B0A49100093A03F = {
						CreatedOnToolsVersion = 14.3.1;
						TestTargetID = 9C4769032B0A490E0093A03F;
					};
				};
			};
			buildConfigurationList = 9C4768FF2B0A490E0093A03F /* Build configuration list for PBXProject "Kurbis" */;
			compatibilityVersion = "Xcode 14.0";
			developmentRegion = en;
			hasScannedForEncodings = 0;
			knownRegions = (
				en,
				Base,
			);
			mainGroup = 9C4768FB2B0A490E0093A03F;
			productRefGroup = 9C4769052B0A490E0093A03F /* Products */;
			projectDirPath = "";
			projectRoot = "";
			targets = (
				9C4769032B0A490E0093A03F /* Kurbis */,
				9C4769142B0A49100093A03F /* KurbisTests */,
				9C47691E2B0A49100093A03F /* KurbisUITests */,
			);
		};
/* End PBXProject section */

/* Begin PBXResourcesBuildPhase section */
		9C4769022B0A490E0093A03F /* Resources */ = {
			isa = PBXResourcesBuildPhase;
			buildActionMask = 2147483647;
			files = (
				9C4769102B0A49100093A03F /* Preview Assets.xcassets in Resources */,
				9C4769372B0A55270093A03F /* simpleble in Resources */,
				9C47690C2B0A49100093A03F /* Assets.xcassets in Resources */,
			);
			runOnlyForDeploymentPostprocessing = 0;
		};
		9C4769132B0A49100093A03F /* Resources */ = {
			isa = PBXResourcesBuildPhase;
			buildActionMask = 2147483647;
			files = (
			);
			runOnlyForDeploymentPostprocessing = 0;
		};
		9C47691D2B0A49100093A03F /* Resources */ = {
			isa = PBXResourcesBuildPhase;
			buildActionMask = 2147483647;
			files = (
			);
			runOnlyForDeploymentPostprocessing = 0;
		};
/* End PBXResourcesBuildPhase section */

/* Begin PBXSourcesBuildPhase section */
		9C4769002B0A490E0093A03F /* Sources */ = {
			isa = PBXSourcesBuildPhase;
			buildActionMask = 2147483647;
			files = (
				9C4769442B0A66540093A03F /* utils.mm in Sources */,
				9C4769392B0A59240093A03F /* BluetoothConnector.swift in Sources */,
				9C47690A2B0A490E0093A03F /* ContentView.swift in Sources */,
				9C4769082B0A490E0093A03F /* KurbisApp.swift in Sources */,
				9C47693D2B0A5B1A0093A03F /* SimplebleWrapper.mm in Sources */,
			);
			runOnlyForDeploymentPostprocessing = 0;
		};
		9C4769112B0A49100093A03F /* Sources */ = {
			isa = PBXSourcesBuildPhase;
			buildActionMask = 2147483647;
			files = (
				9C47691A2B0A49100093A03F /* KurbisTests.swift in Sources */,
			);
			runOnlyForDeploymentPostprocessing = 0;
		};
		9C47691B2B0A49100093A03F /* Sources */ = {
			isa = PBXSourcesBuildPhase;
			buildActionMask = 2147483647;
			files = (
				9C4769262B0A49100093A03F /* KurbisUITestsLaunchTests.swift in Sources */,
				9C4769242B0A49100093A03F /* KurbisUITests.swift in Sources */,
			);
			runOnlyForDeploymentPostprocessing = 0;
		};
/* End PBXSourcesBuildPhase section */

/* Begin PBXTargetDependency section */
		9C4769172B0A49100093A03F /* PBXTargetDependency */ = {
			isa = PBXTargetDependency;
			target = 9C4769032B0A490E0093A03F /* Kurbis */;
			targetProxy = 9C4769162B0A49100093A03F /* PBXContainerItemProxy */;
		};
		9C4769212B0A49100093A03F /* PBXTargetDependency */ = {
			isa = PBXTargetDependency;
			target = 9C4769032B0A490E0093A03F /* Kurbis */;
			targetProxy = 9C4769202B0A49100093A03F /* PBXContainerItemProxy */;
		};
/* End PBXTargetDependency section */

/* Begin XCBuildConfiguration section */
		9C4769272B0A49100093A03F /* Debug */ = {
			isa = XCBuildConfiguration;
			buildSettings = {
				ALWAYS_SEARCH_USER_PATHS = NO;
				CLANG_ANALYZER_NONNULL = YES;
				CLANG_ANALYZER_NUMBER_OBJECT_CONVERSION = YES_AGGRESSIVE;
				CLANG_CXX_LANGUAGE_STANDARD = "gnu++20";
				CLANG_ENABLE_MODULES = YES;
				CLANG_ENABLE_OBJC_ARC = YES;
				CLANG_ENABLE_OBJC_WEAK = YES;
				CLANG_WARN_BLOCK_CAPTURE_AUTORELEASING = YES;
				CLANG_WARN_BOOL_CONVERSION = YES;
				CLANG_WARN_COMMA = YES;
				CLANG_WARN_CONSTANT_CONVERSION = YES;
				CLANG_WARN_DEPRECATED_OBJC_IMPLEMENTATIONS = YES;
				CLANG_WARN_DIRECT_OBJC_ISA_USAGE = YES_ERROR;
				CLANG_WARN_DOCUMENTATION_COMMENTS = YES;
				CLANG_WARN_EMPTY_BODY = YES;
				CLANG_WARN_ENUM_CONVERSION = YES;
				CLANG_WARN_INFINITE_RECURSION = YES;
				CLANG_WARN_INT_CONVERSION = YES;
				CLANG_WARN_NON_LITERAL_NULL_CONVERSION = YES;
				CLANG_WARN_OBJC_IMPLICIT_RETAIN_SELF = YES;
				CLANG_WARN_OBJC_LITERAL_CONVERSION = YES;
				CLANG_WARN_OBJC_ROOT_CLASS = YES_ERROR;
				CLANG_WARN_QUOTED_INCLUDE_IN_FRAMEWORK_HEADER = YES;
				CLANG_WARN_RANGE_LOOP_ANALYSIS = YES;
				CLANG_WARN_STRICT_PROTOTYPES = YES;
				CLANG_WARN_SUSPICIOUS_MOVE = YES;
				CLANG_WARN_UNGUARDED_AVAILABILITY = YES_AGGRESSIVE;
				CLANG_WARN_UNREACHABLE_CODE = YES;
				CLANG_WARN__DUPLICATE_METHOD_MATCH = YES;
				COPY_PHASE_STRIP = NO;
				DEBUG_INFORMATION_FORMAT = dwarf;
				ENABLE_STRICT_OBJC_MSGSEND = YES;
				ENABLE_TESTABILITY = YES;
				GCC_C_LANGUAGE_STANDARD = gnu11;
				GCC_DYNAMIC_NO_PIC = NO;
				GCC_NO_COMMON_BLOCKS = YES;
				GCC_OPTIMIZATION_LEVEL = 0;
				GCC_PREPROCESSOR_DEFINITIONS = (
					"DEBUG=1",
					"$(inherited)",
				);
				GCC_WARN_64_TO_32_BIT_CONVERSION = YES;
				GCC_WARN_ABOUT_RETURN_TYPE = YES_ERROR;
				GCC_WARN_UNDECLARED_SELECTOR = YES;
				GCC_WARN_UNINITIALIZED_AUTOS = YES_AGGRESSIVE;
				GCC_WARN_UNUSED_FUNCTION = YES;
				GCC_WARN_UNUSED_VARIABLE = YES;
				MTL_ENABLE_DEBUG_INFO = INCLUDE_SOURCE;
				MTL_FAST_MATH = YES;
				ONLY_ACTIVE_ARCH = YES;
				SWIFT_ACTIVE_COMPILATION_CONDITIONS = DEBUG;
				SWIFT_OPTIMIZATION_LEVEL = "-Onone";
			};
			name = Debug;
		};
		9C4769282B0A49100093A03F /* Release */ = {
			isa = XCBuildConfiguration;
			buildSettings = {
				ALWAYS_SEARCH_USER_PATHS = NO;
				CLANG_ANALYZER_NONNULL = YES;
				CLANG_ANALYZER_NUMBER_OBJECT_CONVERSION = YES_AGGRESSIVE;
				CLANG_CXX_LANGUAGE_STANDARD = "gnu++20";
				CLANG_ENABLE_MODULES = YES;
				CLANG_ENABLE_OBJC_ARC = YES;
				CLANG_ENABLE_OBJC_WEAK = YES;
				CLANG_WARN_BLOCK_CAPTURE_AUTORELEASING = YES;
				CLANG_WARN_BOOL_CONVERSION = YES;
				CLANG_WARN_COMMA = YES;
				CLANG_WARN_CONSTANT_CONVERSION = YES;
				CLANG_WARN_DEPRECATED_OBJC_IMPLEMENTATIONS = YES;
				CLANG_WARN_DIRECT_OBJC_ISA_USAGE = YES_ERROR;
				CLANG_WARN_DOCUMENTATION_COMMENTS = YES;
				CLANG_WARN_EMPTY_BODY = YES;
				CLANG_WARN_ENUM_CONVERSION = YES;
				CLANG_WARN_INFINITE_RECURSION = YES;
				CLANG_WARN_INT_CONVERSION = YES;
				CLANG_WARN_NON_LITERAL_NULL_CONVERSION = YES;
				CLANG_WARN_OBJC_IMPLICIT_RETAIN_SELF = YES;
				CLANG_WARN_OBJC_LITERAL_CONVERSION = YES;
				CLANG_WARN_OBJC_ROOT_CLASS = YES_ERROR;
				CLANG_WARN_QUOTED_INCLUDE_IN_FRAMEWORK_HEADER = YES;
				CLANG_WARN_RANGE_LOOP_ANALYSIS = YES;
				CLANG_WARN_STRICT_PROTOTYPES = YES;
				CLANG_WARN_SUSPICIOUS_MOVE = YES;
				CLANG_WARN_UNGUARDED_AVAILABILITY = YES_AGGRESSIVE;
				CLANG_WARN_UNREACHABLE_CODE = YES;
				CLANG_WARN__DUPLICATE_METHOD_MATCH = YES;
				COPY_PHASE_STRIP = NO;
				DEBUG_INFORMATION_FORMAT = "dwarf-with-dsym";
				ENABLE_NS_ASSERTIONS = NO;
				ENABLE_STRICT_OBJC_MSGSEND = YES;
				GCC_C_LANGUAGE_STANDARD = gnu11;
				GCC_NO_COMMON_BLOCKS = YES;
				GCC_WARN_64_TO_32_BIT_CONVERSION = YES;
				GCC_WARN_ABOUT_RETURN_TYPE = YES_ERROR;
				GCC_WARN_UNDECLARED_SELECTOR = YES;
				GCC_WARN_UNINITIALIZED_AUTOS = YES_AGGRESSIVE;
				GCC_WARN_UNUSED_FUNCTION = YES;
				GCC_WARN_UNUSED_VARIABLE = YES;
				MTL_ENABLE_DEBUG_INFO = NO;
				MTL_FAST_MATH = YES;
				SWIFT_COMPILATION_MODE = wholemodule;
				SWIFT_OPTIMIZATION_LEVEL = "-O";
			};
			name = Release;
		};
		9C47692A2B0A49100093A03F /* Debug */ = {
			isa = XCBuildConfiguration;
			buildSettings = {
				ASSETCATALOG_COMPILER_APPICON_NAME = AppIcon;
				ASSETCATALOG_COMPILER_GLOBAL_ACCENT_COLOR_NAME = AccentColor;
				CLANG_ENABLE_MODULES = YES;
				CODE_SIGN_ENTITLEMENTS = Kurbis/Kurbis.entitlements;
				CODE_SIGN_STYLE = Automatic;
				CURRENT_PROJECT_VERSION = 1;
				DEVELOPMENT_ASSET_PATHS = "\"Kurbis/Preview Content\"";
				DEVELOPMENT_TEAM = 62CS2SG5TM;
				ENABLE_HARDENED_RUNTIME = YES;
				ENABLE_PREVIEWS = YES;
				GENERATE_INFOPLIST_FILE = YES;
				HEADER_SEARCH_PATHS = /Users/baptistebohelay/Dev/Kurbis/Kurbis/libs_compiled/;
				INFOPLIST_KEY_LSUIElement = YES;
				"INFOPLIST_KEY_UIApplicationSceneManifest_Generation[sdk=iphoneos*]" = YES;
				"INFOPLIST_KEY_UIApplicationSceneManifest_Generation[sdk=iphonesimulator*]" = YES;
				"INFOPLIST_KEY_UIApplicationSupportsIndirectInputEvents[sdk=iphoneos*]" = YES;
				"INFOPLIST_KEY_UIApplicationSupportsIndirectInputEvents[sdk=iphonesimulator*]" = YES;
				"INFOPLIST_KEY_UILaunchScreen_Generation[sdk=iphoneos*]" = YES;
				"INFOPLIST_KEY_UILaunchScreen_Generation[sdk=iphonesimulator*]" = YES;
				"INFOPLIST_KEY_UIStatusBarStyle[sdk=iphoneos*]" = UIStatusBarStyleDefault;
				"INFOPLIST_KEY_UIStatusBarStyle[sdk=iphonesimulator*]" = UIStatusBarStyleDefault;
				INFOPLIST_KEY_UISupportedInterfaceOrientations_iPad = "UIInterfaceOrientationPortrait UIInterfaceOrientationPortraitUpsideDown UIInterfaceOrientationLandscapeLeft UIInterfaceOrientationLandscapeRight";
				INFOPLIST_KEY_UISupportedInterfaceOrientations_iPhone = "UIInterfaceOrientationPortrait UIInterfaceOrientationLandscapeLeft UIInterfaceOrientationLandscapeRight";
				IPHONEOS_DEPLOYMENT_TARGET = 16.4;
				LD_RUNPATH_SEARCH_PATHS = "@executable_path/Frameworks";
				"LD_RUNPATH_SEARCH_PATHS[sdk=macosx*]" = "@executable_path/../Frameworks";
				LIBRARY_SEARCH_PATHS = (
					"$(inherited)",
					"$(PROJECT_DIR)/libs_compiled",
				);
				MACOSX_DEPLOYMENT_TARGET = 13.2;
				MARKETING_VERSION = 1.0;
				PRODUCT_BUNDLE_IDENTIFIER = com.baptisteb.Kurbis;
				PRODUCT_NAME = "$(TARGET_NAME)";
				SDKROOT = auto;
				SUPPORTED_PLATFORMS = "iphoneos iphonesimulator macosx";
				SWIFT_EMIT_LOC_STRINGS = YES;
				SWIFT_OBJC_BRIDGING_HEADER = "Kurbis/Kurbis-Bridging-Header.h";
				SWIFT_OPTIMIZATION_LEVEL = "-Onone";
				SWIFT_VERSION = 5.0;
				TARGETED_DEVICE_FAMILY = "1,2";
			};
			name = Debug;
		};
		9C47692B2B0A49100093A03F /* Release */ = {
			isa = XCBuildConfiguration;
			buildSettings = {
				ASSETCATALOG_COMPILER_APPICON_NAME = AppIcon;
				ASSETCATALOG_COMPILER_GLOBAL_ACCENT_COLOR_NAME = AccentColor;
				CLANG_ENABLE_MODULES = YES;
				CODE_SIGN_ENTITLEMENTS = Kurbis/Kurbis.entitlements;
				CODE_SIGN_STYLE = Automatic;
				CURRENT_PROJECT_VERSION = 1;
				DEVELOPMENT_ASSET_PATHS = "\"Kurbis/Preview Content\"";
				DEVELOPMENT_TEAM = 62CS2SG5TM;
				ENABLE_HARDENED_RUNTIME = YES;
				ENABLE_PREVIEWS = YES;
				GENERATE_INFOPLIST_FILE = YES;
				HEADER_SEARCH_PATHS = /Users/baptistebohelay/Dev/Kurbis/Kurbis/libs_compiled/;
				INFOPLIST_KEY_LSUIElement = YES;
				"INFOPLIST_KEY_UIApplicationSceneManifest_Generation[sdk=iphoneos*]" = YES;
				"INFOPLIST_KEY_UIApplicationSceneManifest_Generation[sdk=iphonesimulator*]" = YES;
				"INFOPLIST_KEY_UIApplicationSupportsIndirectInputEvents[sdk=iphoneos*]" = YES;
				"INFOPLIST_KEY_UIApplicationSupportsIndirectInputEvents[sdk=iphonesimulator*]" = YES;
				"INFOPLIST_KEY_UILaunchScreen_Generation[sdk=iphoneos*]" = YES;
				"INFOPLIST_KEY_UILaunchScreen_Generation[sdk=iphonesimulator*]" = YES;
				"INFOPLIST_KEY_UIStatusBarStyle[sdk=iphoneos*]" = UIStatusBarStyleDefault;
				"INFOPLIST_KEY_UIStatusBarStyle[sdk=iphonesimulator*]" = UIStatusBarStyleDefault;
				INFOPLIST_KEY_UISupportedInterfaceOrientations_iPad = "UIInterfaceOrientationPortrait UIInterfaceOrientationPortraitUpsideDown UIInterfaceOrientationLandscapeLeft UIInterfaceOrientationLandscapeRight";
				INFOPLIST_KEY_UISupportedInterfaceOrientations_iPhone = "UIInterfaceOrientationPortrait UIInterfaceOrientationLandscapeLeft UIInterfaceOrientationLandscapeRight";
				IPHONEOS_DEPLOYMENT_TARGET = 16.4;
				LD_RUNPATH_SEARCH_PATHS = "@executable_path/Frameworks";
				"LD_RUNPATH_SEARCH_PATHS[sdk=macosx*]" = "@executable_path/../Frameworks";
				LIBRARY_SEARCH_PATHS = (
					"$(inherited)",
					"$(PROJECT_DIR)/libs_compiled",
				);
				MACOSX_DEPLOYMENT_TARGET = 13.2;
				MARKETING_VERSION = 1.0;
				PRODUCT_BUNDLE_IDENTIFIER = com.baptisteb.Kurbis;
				PRODUCT_NAME = "$(TARGET_NAME)";
				SDKROOT = auto;
				SUPPORTED_PLATFORMS = "iphoneos iphonesimulator macosx";
				SWIFT_EMIT_LOC_STRINGS = YES;
				SWIFT_OBJC_BRIDGING_HEADER = "Kurbis/Kurbis-Bridging-Header.h";
				SWIFT_VERSION = 5.0;
				TARGETED_DEVICE_FAMILY = "1,2";
			};
			name = Release;
		};
		9C47692D2B0A49100093A03F /* Debug */ = {
			isa = XCBuildConfiguration;
			buildSettings = {
				ALWAYS_EMBED_SWIFT_STANDARD_LIBRARIES = YES;
				BUNDLE_LOADER = "$(TEST_HOST)";
				CODE_SIGN_STYLE = Automatic;
				CURRENT_PROJECT_VERSION = 1;
				DEVELOPMENT_TEAM = 62CS2SG5TM;
				GENERATE_INFOPLIST_FILE = YES;
				IPHONEOS_DEPLOYMENT_TARGET = 16.4;
				MACOSX_DEPLOYMENT_TARGET = 13.2;
				MARKETING_VERSION = 1.0;
				PRODUCT_BUNDLE_IDENTIFIER = com.baptisteb.KurbisTests;
				PRODUCT_NAME = "$(TARGET_NAME)";
				SDKROOT = auto;
				SUPPORTED_PLATFORMS = "iphoneos iphonesimulator macosx";
				SWIFT_EMIT_LOC_STRINGS = NO;
				SWIFT_VERSION = 5.0;
				TARGETED_DEVICE_FAMILY = "1,2";
				TEST_HOST = "$(BUILT_PRODUCTS_DIR)/Kurbis.app/$(BUNDLE_EXECUTABLE_FOLDER_PATH)/Kurbis";
			};
			name = Debug;
		};
		9C47692E2B0A49100093A03F /* Release */ = {
			isa = XCBuildConfiguration;
			buildSettings = {
				ALWAYS_EMBED_SWIFT_STANDARD_LIBRARIES = YES;
				BUNDLE_LOADER = "$(TEST_HOST)";
				CODE_SIGN_STYLE = Automatic;
				CURRENT_PROJECT_VERSION = 1;
				DEVELOPMENT_TEAM = 62CS2SG5TM;
				GENERATE_INFOPLIST_FILE = YES;
				IPHONEOS_DEPLOYMENT_TARGET = 16.4;
				MACOSX_DEPLOYMENT_TARGET = 13.2;
				MARKETING_VERSION = 1.0;
				PRODUCT_BUNDLE_IDENTIFIER = com.baptisteb.KurbisTests;
				PRODUCT_NAME = "$(TARGET_NAME)";
				SDKROOT = auto;
				SUPPORTED_PLATFORMS = "iphoneos iphonesimulator macosx";
				SWIFT_EMIT_LOC_STRINGS = NO;
				SWIFT_VERSION = 5.0;
				TARGETED_DEVICE_FAMILY = "1,2";
				TEST_HOST = "$(BUILT_PRODUCTS_DIR)/Kurbis.app/$(BUNDLE_EXECUTABLE_FOLDER_PATH)/Kurbis";
			};
			name = Release;
		};
		9C4769302B0A49100093A03F /* Debug */ = {
			isa = XCBuildConfiguration;
			buildSettings = {
				ALWAYS_EMBED_SWIFT_STANDARD_LIBRARIES = YES;
				CODE_SIGN_STYLE = Automatic;
				CURRENT_PROJECT_VERSION = 1;
				DEVELOPMENT_TEAM = 62CS2SG5TM;
				GENERATE_INFOPLIST_FILE = YES;
				IPHONEOS_DEPLOYMENT_TARGET = 16.4;
				MACOSX_DEPLOYMENT_TARGET = 13.2;
				MARKETING_VERSION = 1.0;
				PRODUCT_BUNDLE_IDENTIFIER = com.baptisteb.KurbisUITests;
				PRODUCT_NAME = "$(TARGET_NAME)";
				SDKROOT = auto;
				SUPPORTED_PLATFORMS = "iphoneos iphonesimulator macosx";
				SWIFT_EMIT_LOC_STRINGS = NO;
				SWIFT_VERSION = 5.0;
				TARGETED_DEVICE_FAMILY = "1,2";
				TEST_TARGET_NAME = Kurbis;
			};
			name = Debug;
		};
		9C4769312B0A49100093A03F /* Release */ = {
			isa = XCBuildConfiguration;
			buildSettings = {
				ALWAYS_EMBED_SWIFT_STANDARD_LIBRARIES = YES;
				CODE_SIGN_STYLE = Automatic;
				CURRENT_PROJECT_VERSION = 1;
				DEVELOPMENT_TEAM = 62CS2SG5TM;
				GENERATE_INFOPLIST_FILE = YES;
				IPHONEOS_DEPLOYMENT_TARGET = 16.4;
				MACOSX_DEPLOYMENT_TARGET = 13.2;
				MARKETING_VERSION = 1.0;
				PRODUCT_BUNDLE_IDENTIFIER = com.baptisteb.KurbisUITests;
				PRODUCT_NAME = "$(TARGET_NAME)";
				SDKROOT = auto;
				SUPPORTED_PLATFORMS = "iphoneos iphonesimulator macosx";
				SWIFT_EMIT_LOC_STRINGS = NO;
				SWIFT_VERSION = 5.0;
				TARGETED_DEVICE_FAMILY = "1,2";
				TEST_TARGET_NAME = Kurbis;
			};
			name = Release;
		};
/* End XCBuildConfiguration section */

/* Begin XCConfigurationList section */
		9C4768FF2B0A490E0093A03F /* Build configuration list for PBXProject "Kurbis" */ = {
			isa = XCConfigurationList;
			buildConfigurations = (
				9C4769272B0A49100093A03F /* Debug */,
				9C4769282B0A49100093A03F /* Release */,
			);
			defaultConfigurationIsVisible = 0;
			defaultConfigurationName = Release;
		};
		9C4769292B0A49100093A03F /* Build configuration list for PBXNativeTarget "Kurbis" */ = {
			isa = XCConfigurationList;
			buildConfigurations = (
				9C47692A2B0A49100093A03F /* Debug */,
				9C47692B2B0A49100093A03F /* Release */,
			);
			defaultConfigurationIsVisible = 0;
			defaultConfigurationName = Release;
		};
		9C47692C2B0A49100093A03F /* Build configuration list for PBXNativeTarget "KurbisTests" */ = {
			isa = XCConfigurationList;
			buildConfigurations = (
				9C47692D2B0A49100093A03F /* Debug */,
				9C47692E2B0A49100093A03F /* Release */,
			);
			defaultConfigurationIsVisible = 0;
			defaultConfigurationName = Release;
		};
		9C47692F2B0A49100093A03F /* Build configuration list for PBXNativeTarget "KurbisUITests" */ = {
			isa = XCConfigurationList;
			buildConfigurations = (
				9C4769302B0A49100093A03F /* Debug */,
				9C4769312B0A49100093A03F /* Release */,
			);
			defaultConfigurationIsVisible = 0;
			defaultConfigurationName = Release;
		};
/* End XCConfigurationList section */
	};
	rootObject = 9C4768FC2B0A490E0093A03F /* Project object */;
}
